
Microsoft Visual Studio Solution File, Format Version 12.00
# Visual Studio 16
Project("{FAE04EC0-301F-11D3-BF4B-00C04F79EFBC}") = "Assembly-CSharp", "Assembly-CSharp.csproj", "{99ABBB5D-1021-4DEF-6D3D-A515968251C2}"
EndProject
Project("{FAE04EC0-301F-11D3-BF4B-00C04F79EFBC}") = "Assembly-CSharp-Editor", "Assembly-CSharp-Editor.csproj", "{B1DDC0EC-F8E3-B343-322C-9AC4C10F5468}"
EndProject
Global
	GlobalSection(SolutionConfigurationPlatforms) = preSolution
		Debug|Any CPU = Debug|Any CPU
		Release|Any CPU = Release|Any CPU
	EndGlobalSection
	GlobalSection(ProjectConfigurationPlatforms) = postSolution
		{99ABBB5D-1021-4DEF-6D3D-A515968251C2}.Debug|Any CPU.ActiveCfg = Debug|Any CPU
		{99ABBB5D-1021-4DEF-6D3D-A515968251C2}.Debug|Any CPU.Build.0 = Debug|Any CPU
		{99ABBB5D-1021-4DEF-6D3D-A515968251C2}.Release|Any CPU.ActiveCfg = Release|Any CPU
		{99ABBB5D-1021-4DEF-6D3D-A515968251C2}.Release|Any CPU.Build.0 = Release|Any CPU
		{B1DDC0EC-F8E3-B343-322C-9AC4C10F5468}.Debug|Any CPU.ActiveCfg = Debug|Any CPU
		{B1DDC0EC-F8E3-B343-322C-9AC4C10F5468}.Debug|Any CPU.Build.0 = Debug|Any CPU
		{B1DDC0EC-F8E3-B343-322C-9AC4C10F5468}.Release|Any CPU.ActiveCfg = Release|Any CPU
		{B1DDC0EC-F8E3-B343-322C-9AC4C10F5468}.Release|Any CPU.Build.0 = Release|Any CPU
	EndGlobalSection
	GlobalSection(SolutionProperties) = preSolution
		HideSolutionNode = FALSE
	EndGlobalSection
EndGlobal
